
Microsoft Visual Studio Solution File, Format Version 12.00
# Visual Studio Version 16
VisualStudioVersion = 16.0.32413.511
MinimumVisualStudioVersion = 10.0.40219.1
Project("{9A19103F-16F7-4668-BE54-9A1E7A4F7556}") = "MultiCut", "MultiCut.csproj", "{24281E7E-DE39-4747-AD59-09FDB579C768}"
EndProject
Global
	GlobalSection(SolutionConfigurationPlatforms) = preSolution
		Debug|Any CPU = Debug|Any CPU
		Release|Any CPU = Release|Any CPU
	EndGlobalSection
	GlobalSection(ProjectConfigurationPlatforms) = postSolution
		{24281E7E-DE39-4747-AD59-09FDB579C768}.Debug|Any CPU.ActiveCfg = Debug|Any CPU
		{24281E7E-DE39-4747-AD59-09FDB579C768}.Debug|Any CPU.Build.0 = Debug|Any CPU
		{24281E7E-DE39-4747-AD59-09FDB579C768}.Release|Any CPU.ActiveCfg = Release|Any CPU
		{24281E7E-DE39-4747-AD59-09FDB579C768}.Release|Any CPU.Build.0 = Release|Any CPU
	EndGlobalSection
	GlobalSection(SolutionProperties) = preSolution
		HideSolutionNode = FALSE
	EndGlobalSection
	GlobalSection(ExtensibilityGlobals) = postSolution
		SolutionGuid = {9490602B-FD6B-4EEA-BB70-4932952C135B}
	EndGlobalSection
EndGlobal
